
Microsoft Visual Studio Solution File, Format Version 12.00
# Visual Studio 15
VisualStudioVersion = 15.0.26430.6
MinimumVisualStudioVersion = 10.0.40219.1
Project("{FAE04EC0-301F-11D3-BF4B-00C04F79EFBC}") = "hello world", "hello world\hello world.csproj", "{B2FDE1F8-D1AA-4487-B2C8-E6B7798F8D1B}"
EndProject
Project("{FAE04EC0-301F-11D3-BF4B-00C04F79EFBC}") = "world hello", "world hello\world hello.csproj", "{8237EE52-5197-4101-811A-FBAD05768323}"
EndProject
Global
	GlobalSection(SolutionConfigurationPlatforms) = preSolution
		Debug|Any CPU = Debug|Any CPU
		Release|Any CPU = Release|Any CPU
	EndGlobalSection
	GlobalSection(ProjectConfigurationPlatforms) = postSolution
		{B2FDE1F8-D1AA-4487-B2C8-E6B7798F8D1B}.Debug|Any CPU.ActiveCfg = Debug|Any CPU
		{B2FDE1F8-D1AA-4487-B2C8-E6B7798F8D1B}.Debug|Any CPU.Build.0 = Debug|Any CPU
		{B2FDE1F8-D1AA-4487-B2C8-E6B7798F8D1B}.Release|Any CPU.ActiveCfg = Release|Any CPU
		{B2FDE1F8-D1AA-4487-B2C8-E6B7798F8D1B}.Release|Any CPU.Build.0 = Release|Any CPU
		{8237EE52-5197-4101-811A-FBAD05768323}.Debug|Any CPU.ActiveCfg = Debug|Any CPU
		{8237EE52-5197-4101-811A-FBAD05768323}.Debug|Any CPU.Build.0 = Debug|Any CPU
		{8237EE52-5197-4101-811A-FBAD05768323}.Release|Any CPU.ActiveCfg = Release|Any CPU
		{8237EE52-5197-4101-811A-FBAD05768323}.Release|Any CPU.Build.0 = Release|Any CPU
	EndGlobalSection
	GlobalSection(SolutionProperties) = preSolution
		HideSolutionNode = FALSE
	EndGlobalSection
EndGlobal
